// !$*UTF8*$!
{
	archiveVersion = 1;
	classes = {
	};
	objectVersion = 48;
	objects = {

/* Begin PBXBuildFile section */
		6D171BEC20A41B6C00A44E9E /* AppDelegate.swift in Sources */ = {isa = PBXBuildFile; fileRef = 6D171BEB20A41B6C00A44E9E /* AppDelegate.swift */; };
		6D171BEE20A41B6C00A44E9E /* ViewController.swift in Sources */ = {isa = PBXBuildFile; fileRef = 6D171BED20A41B6C00A44E9E /* ViewController.swift */; };
		6D171BF120A41B6C00A44E9E /* Main.storyboard in Resources */ = {isa = PBXBuildFile; fileRef = 6D171BEF20A41B6C00A44E9E /* Main.storyboard */; };
		6D171BF320A41B6C00A44E9E /* Assets.xcassets in Resources */ = {isa = PBXBuildFile; fileRef = 6D171BF220A41B6C00A44E9E /* Assets.xcassets */; };
		6D171BF620A41B6C00A44E9E /* LaunchScreen.storyboard in Resources */ = {isa = PBXBuildFile; fileRef = 6D171BF420A41B6C00A44E9E /* LaunchScreen.storyboard */; };
		6D619A9320A4586B00E1345D /* StationsTableViewCell.swift in Sources */ = {isa = PBXBuildFile; fileRef = 6D619A9220A4586B00E1345D /* StationsTableViewCell.swift */; };
/* End PBXBuildFile section */

/* Begin PBXFileReference section */
		6D171BE820A41B6C00A44E9E /* Lec6Ios.app */ = {isa = PBXFileReference; explicitFileType = wrapper.application; includeInIndex = 0; path = Lec6Ios.app; sourceTree = BUILT_PRODUCTS_DIR; };
		6D171BEB20A41B6C00A44E9E /* AppDelegate.swift */ = {isa = PBXFileReference; lastKnownFileType = sourcecode.swift; path = AppDelegate.swift; sourceTree = "<group>"; };
		6D171BED20A41B6C00A44E9E /* ViewController.swift */ = {isa = PBXFileReference; lastKnownFileType = sourcecode.swift; path = ViewController.swift; sourceTree = "<group>"; };
		6D171BF020A41B6C00A44E9E /* Base */ = {isa = PBXFileReference; lastKnownFileType = file.storyboard; name = Base; path = Base.lproj/Main.storyboard; sourceTree = "<group>"; };
		6D171BF220A41B6C00A44E9E /* Assets.xcassets */ = {isa = PBXFileReference; lastKnownFileType = folder.assetcatalog; path = Assets.xcassets; sourceTree = "<group>"; };
		6D171BF520A41B6C00A44E9E /* Base */ = {isa = PBXFileReference; lastKnownFileType = file.storyboard; name = Base; path = Base.lproj/LaunchScreen.storyboard; sourceTree = "<group>"; };
		6D171BF720A41B6C00A44E9E /* Info.plist */ = {isa = PBXFileReference; lastKnownFileType = text.plist.xml; path = Info.plist; sourceTree = "<group>"; };
		6D619A9220A4586B00E1345D /* StationsTableViewCell.swift */ = {isa = PBXFileReference; lastKnownFileType = sourcecode.swift; path = StationsTableViewCell.swift; sourceTree = "<group>"; };
/* End PBXFileReference section */

/* Begin PBXFrameworksBuildPhase section */
		6D171BE520A41B6C00A44E9E /* Frameworks */ = {
			isa = PBXFrameworksBuildPhase;
			buildActionMask = 2147483647;
			files = (
			);
			runOnlyForDeploymentPostprocessing = 0;
		};
/* End PBXFrameworksBuildPhase section */

/* Begin PBXGroup section */
		6D171BDF20A41B6B00A44E9E = {
			isa = PBXGroup;
			children = (
				6D171BEA20A41B6C00A44E9E /* Lec6Ios */,
				6D171BE920A41B6C00A44E9E /* Products */,
			);
			sourceTree = "<group>";
		};
		6D171BE920A41B6C00A44E9E /* Products */ = {
			isa = PBXGroup;
			children = (
				6D171BE820A41B6C00A44E9E /* Lec6Ios.app */,
			);
			name = Products;
			sourceTree = "<group>";
		};
		6D171BEA20A41B6C00A44E9E /* Lec6Ios */ = {
			isa = PBXGroup;
			children = (
				6D171BEB20A41B6C00A44E9E /* AppDelegate.swift */,
				6D171BED20A41B6C00A44E9E /* ViewController.swift */,
				6D171BEF20A41B6C00A44E9E /* Main.storyboard */,
				6D171BF220A41B6C00A44E9E /* Assets.xcassets */,
				6D171BF420A41B6C00A44E9E /* LaunchScreen.storyboard */,
				6D171BF720A41B6C00A44E9E /* Info.plist */,
				6D619A9220A4586B00E1345D /* StationsTableViewCell.swift */,
			);
			path = Lec6Ios;
			sourceTree = "<group>";
		};
/* End PBXGroup section */

/* Begin PBXNativeTarget section */
		6D171BE720A41B6C00A44E9E /* Lec6Ios */ = {
			isa = PBXNativeTarget;
			buildConfigurationList = 6D171BFA20A41B6C00A44E9E /* Build configuration list for PBXNativeTarget "Lec6Ios" */;
			buildPhases = (
				6D171BE420A41B6C00A44E9E /* Sources */,
				6D171BE520A41B6C00A44E9E /* Frameworks */,
				6D171BE620A41B6C00A44E9E /* Resources */,
			);
			buildRules = (
			);
			dependencies = (
			);
			name = Lec6Ios;
			productName = Lec6Ios;
			productReference = 6D171BE820A41B6C00A44E9E /* Lec6Ios.app */;
			productType = "com.apple.product-type.application";
		};
/* End PBXNativeTarget section */

/* Begin PBXProject section */
		6D171BE020A41B6B00A44E9E /* Project object */ = {
			isa = PBXProject;
			attributes = {
				LastSwiftUpdateCheck = 0920;
				LastUpgradeCheck = 0920;
				ORGANIZATIONNAME = HackerU;
				TargetAttributes = {
					6D171BE720A41B6C00A44E9E = {
						CreatedOnToolsVersion = 9.2;
						ProvisioningStyle = Automatic;
					};
				};
			};
			buildConfigurationList = 6D171BE320A41B6B00A44E9E /* Build configuration list for PBXProject "Lec6Ios" */;
			compatibilityVersion = "Xcode 8.0";
			developmentRegion = en;
			hasScannedForEncodings = 0;
			knownRegions = (
				en,
				Base,
			);
			mainGroup = 6D171BDF20A41B6B00A44E9E;
			productRefGroup = 6D171BE920A41B6C00A44E9E /* Products */;
			projectDirPath = "";
			projectRoot = "";
			targets = (
				6D171BE720A41B6C00A44E9E /* Lec6Ios */,
			);
		};
/* End PBXProject section */

/* Begin PBXResourcesBuildPhase section */
		6D171BE620A41B6C00A44E9E /* Resources */ = {
			isa = PBXResourcesBuildPhase;
			buildActionMask = 2147483647;
			files = (
				6D171BF620A41B6C00A44E9E /* LaunchScreen.storyboard in Resources */,
				6D171BF320A41B6C00A44E9E /* Assets.xcassets in Resources */,
				6D171BF120A41B6C00A44E9E /* Main.storyboard in Resources */,
			);
			runOnlyForDeploymentPostprocessing = 0;
		};
/* End PBXResourcesBuildPhase section */

/* Begin PBXSourcesBuildPhase section */
		6D171BE420A41B6C00A44E9E /* Sources */ = {
			isa = PBXSourcesBuildPhase;
			buildActionMask = 2147483647;
			files = (
				6D619A9320A4586B00E1345D /* StationsTableViewCell.swift in Sources */,
				6D171BEE20A41B6C00A44E9E /* ViewController.swift in Sources */,
				6D171BEC20A41B6C00A44E9E /* AppDelegate.swift in Sources */,
			);
			runOnlyForDeploymentPostprocessing = 0;
		};
/* End PBXSourcesBuildPhase section */

/* Begin PBXVariantGroup section */
		6D171BEF20A41B6C00A44E9E /* Main.storyboard */ = {
			isa = PBXVariantGroup;
			children = (
				6D171BF020A41B6C00A44E9E /* Base */,
			);
			name = Main.storyboard;
			sourceTree = "<group>";
		};
		6D171BF420A41B6C00A44E9E /* LaunchScreen.storyboard */ = {
			isa = PBXVariantGroup;
			children = (
				6D171BF520A41B6C00A44E9E /* Base */,
			);
			name = LaunchScreen.storyboard;
			sourceTree = "<group>";
		};
/* End PBXVariantGroup section */

/* Begin XCBuildConfiguration section */
		6D171BF820A41B6C00A44E9E /* Debug */ = {
			isa = XCBuildConfiguration;
			buildSettings = {
				ALWAYS_SEARCH_USER_PATHS = NO;
				CLANG_ANALYZER_NONNULL = YES;
				CLANG_ANALYZER_NUMBER_OBJECT_CONVERSION = YES_AGGRESSIVE;
				CLANG_CXX_LANGUAGE_STANDARD = "gnu++14";
				CLANG_CXX_LIBRARY = "libc++";
				CLANG_ENABLE_MODULES = YES;
				CLANG_ENABLE_OBJC_ARC = YES;
				CLANG_WARN_BLOCK_CAPTURE_AUTORELEASING = YES;
				CLANG_WARN_BOOL_CONVERSION = YES;
				CLANG_WARN_COMMA = YES;
				CLANG_WARN_CONSTANT_CONVERSION = YES;
				CLANG_WARN_DIRECT_OBJC_ISA_USAGE = YES_ERROR;
				CLANG_WARN_DOCUMENTATION_COMMENTS = YES;
				CLANG_WARN_EMPTY_BODY = YES;
				CLANG_WARN_ENUM_CONVERSION = YES;
				CLANG_WARN_INFINITE_RECURSION = YES;
				CLANG_WARN_INT_CONVERSION = YES;
				CLANG_WARN_NON_LITERAL_NULL_CONVERSION = YES;
				CLANG_WARN_OBJC_LITERAL_CONVERSION = YES;
				CLANG_WARN_OBJC_ROOT_CLASS = YES_ERROR;
				CLANG_WARN_RANGE_LOOP_ANALYSIS = YES;
				CLANG_WARN_STRICT_PROTOTYPES = YES;
				CLANG_WARN_SUSPICIOUS_MOVE = YES;
				CLANG_WARN_UNGUARDED_AVAILABILITY = YES_AGGRESSIVE;
				CLANG_WARN_UNREACHABLE_CODE = YES;
				CLANG_WARN__DUPLICATE_METHOD_MATCH = YES;
				CODE_SIGN_IDENTITY = "iPhone Developer";
				COPY_PHASE_STRIP = NO;
				DEBUG_INFORMATION_FORMAT = dwarf;
				ENABLE_STRICT_OBJC_MSGSEND = YES;
				ENABLE_TESTABILITY = YES;
				GCC_C_LANGUAGE_STANDARD = gnu11;
				GCC_DYNAMIC_NO_PIC = NO;
				GCC_NO_COMMON_BLOCKS = YES;
				GCC_OPTIMIZATION_LEVEL = 0;
				GCC_PREPROCESSOR_DEFINITIONS = (
					"DEBUG=1",
					"$(inherited)",
				);
				GCC_WARN_64_TO_32_BIT_CONVERSION = YES;
				GCC_WARN_ABOUT_RETURN_TYPE = YES_ERROR;
				GCC_WARN_UNDECLARED_SELECTOR = YES;
				GCC_WARN_UNINITIALIZED_AUTOS = YES_AGGRESSIVE;
				GCC_WARN_UNUSED_FUNCTION = YES;
				GCC_WARN_UNUSED_VARIABLE = YES;
				IPHONEOS_DEPLOYMENT_TARGET = 11.2;
				MTL_ENABLE_DEBUG_INFO = YES;
				ONLY_ACTIVE_ARCH = YES;
				SDKROOT = iphoneos;
				SWIFT_ACTIVE_COMPILATION_CONDITIONS = DEBUG;
				SWIFT_OPTIMIZATION_LEVEL = "-Onone";
			};
			name = Debug;
		};
		6D171BF920A41B6C00A44E9E /* Release */ = {
			isa = XCBuildConfiguration;
			buildSettings = {
				ALWAYS_SEARCH_USER_PATHS = NO;
				CLANG_ANALYZER_NONNULL = YES;
				CLANG_ANALYZER_NUMBER_OBJECT_CONVERSION = YES_AGGRESSIVE;
				CLANG_CXX_LANGUAGE_STANDARD = "gnu++14";
				CLANG_CXX_LIBRARY = "libc++";
				CLANG_ENABLE_MODULES = YES;
				CLANG_ENABLE_OBJC_ARC = YES;
				CLANG_WARN_BLOCK_CAPTURE_AUTORELEASING = YES;
				CLANG_WARN_BOOL_CONVERSION = YES;
				CLANG_WARN_COMMA = YES;
				CLANG_WARN_CONSTANT_CONVERSION = YES;
				CLANG_WARN_DIRECT_OBJC_ISA_USAGE = YES_ERROR;
				CLANG_WARN_DOCUMENTATION_COMMENTS = YES;
				CLANG_WARN_EMPTY_BODY = YES;
				CLANG_WARN_ENUM_CONVERSION = YES;
				CLANG_WARN_INFINITE_RECURSION = YES;
				CLANG_WARN_INT_CONVERSION = YES;
				CLANG_WARN_NON_LITERAL_NULL_CONVERSION = YES;
				CLANG_WARN_OBJC_LITERAL_CONVERSION = YES;
				CLANG_WARN_OBJC_ROOT_CLASS = YES_ERROR;
				CLANG_WARN_RANGE_LOOP_ANALYSIS = YES;
				CLANG_WARN_STRICT_PROTOTYPES = YES;
				CLANG_WARN_SUSPICIOUS_MOVE = YES;
				CLANG_WARN_UNGUARDED_AVAILABILITY = YES_AGGRESSIVE;
				CLANG_WARN_UNREACHABLE_CODE = YES;
				CLANG_WARN__DUPLICATE_METHOD_MATCH = YES;
				CODE_SIGN_IDENTITY = "iPhone Developer";
				COPY_PHASE_STRIP = NO;
				DEBUG_INFORMATION_FORMAT = "dwarf-with-dsym";
				ENABLE_NS_ASSERTIONS = NO;
				ENABLE_STRICT_OBJC_MSGSEND = YES;
				GCC_C_LANGUAGE_STANDARD = gnu11;
				GCC_NO_COMMON_BLOCKS = YES;
				GCC_WARN_64_TO_32_BIT_CONVERSION = YES;
				GCC_WARN_ABOUT_RETURN_TYPE = YES_ERROR;
				GCC_WARN_UNDECLARED_SELECTOR = YES;
				GCC_WARN_UNINITIALIZED_AUTOS = YES_AGGRESSIVE;
				GCC_WARN_UNUSED_FUNCTION = YES;
				GCC_WARN_UNUSED_VARIABLE = YES;
				IPHONEOS_DEPLOYMENT_TARGET = 11.2;
				MTL_ENABLE_DEBUG_INFO = NO;
				SDKROOT = iphoneos;
				SWIFT_OPTIMIZATION_LEVEL = "-Owholemodule";
				VALIDATE_PRODUCT = YES;
			};
			name = Release;
		};
		6D171BFB20A41B6C00A44E9E /* Debug */ = {
			isa = XCBuildConfiguration;
			buildSettings = {
				ASSETCATALOG_COMPILER_APPICON_NAME = AppIcon;
				CODE_SIGN_STYLE = Automatic;
				INFOPLIST_FILE = Lec6Ios/Info.plist;
				LD_RUNPATH_SEARCH_PATHS = "$(inherited) @executable_path/Frameworks";
				PRODUCT_BUNDLE_IDENTIFIER = edu.hackeru.Lec6Ios;
				PRODUCT_NAME = "$(TARGET_NAME)";
				SWIFT_VERSION = 4.0;
				TARGETED_DEVICE_FAMILY = "1,2";
			};
			name = Debug;
		};
		6D171BFC20A41B6C00A44E9E /* Release */ = {
			isa = XCBuildConfiguration;
			buildSettings = {
				ASSETCATALOG_COMPILER_APPICON_NAME = AppIcon;
				CODE_SIGN_STYLE = Automatic;
				INFOPLIST_FILE = Lec6Ios/Info.plist;
				LD_RUNPATH_SEARCH_PATHS = "$(inherited) @executable_path/Frameworks";
				PRODUCT_BUNDLE_IDENTIFIER = edu.hackeru.Lec6Ios;
				PRODUCT_NAME = "$(TARGET_NAME)";
				SWIFT_VERSION = 4.0;
				TARGETED_DEVICE_FAMILY = "1,2";
			};
			name = Release;
		};
/* End XCBuildConfiguration section */

/* Begin XCConfigurationList section */
		6D171BE320A41B6B00A44E9E /* Build configuration list for PBXProject "Lec6Ios" */ = {
			isa = XCConfigurationList;
			buildConfigurations = (
				6D171BF820A41B6C00A44E9E /* Debug */,
				6D171BF920A41B6C00A44E9E /* Release */,
			);
			defaultConfigurationIsVisible = 0;
			defaultConfigurationName = Release;
		};
		6D171BFA20A41B6C00A44E9E /* Build configuration list for PBXNativeTarget "Lec6Ios" */ = {
			isa = XCConfigurationList;
			buildConfigurations = (
				6D171BFB20A41B6C00A44E9E /* Debug */,
				6D171BFC20A41B6C00A44E9E /* Release */,
			);
			defaultConfigurationIsVisible = 0;
			defaultConfigurationName = Release;
		};
/* End XCConfigurationList section */
	};
	rootObject = 6D171BE020A41B6B00A44E9E /* Project object */;
}
